
Microsoft Visual Studio Solution File, Format Version 12.00
# Visual Studio Version 16
VisualStudioVersion = 16.0.30804.86
MinimumVisualStudioVersion = 10.0.40219.1
Project("{9A19103F-16F7-4668-BE54-9A1E7A4F7556}") = "Kampintro", "Kampintro\Kampintro.csproj", "{4354E87C-9B92-4211-ACBE-C373E14EEF5C}"
EndProject
Project("{9A19103F-16F7-4668-BE54-9A1E7A4F7556}") = "Donguler", "Donguler\Donguler.csproj", "{C67DC56F-8C3D-40A5-8EC8-0CBAECFDA4CA}"
EndProject
Project("{9A19103F-16F7-4668-BE54-9A1E7A4F7556}") = "Classintro", "Classintro\Classintro.csproj", "{7D2C066F-8AB6-4BA4-B0AB-5B71CDCA1ECA}"
EndProject
Project("{FAE04EC0-301F-11D3-BF4B-00C04F79EFBC}") = "Koleksiyonlar", "Koleksiyonlar\Koleksiyonlar.csproj", "{05FC2A46-D051-403A-8C49-EDD05433DF4A}"
EndProject
Project("{FAE04EC0-301F-11D3-BF4B-00C04F79EFBC}") = "GenericsIntro", "GenericsIntro\GenericsIntro.csproj", "{615CA3F8-15AF-4804-A408-D46B19DB0513}"
EndProject
Global
	GlobalSection(SolutionConfigurationPlatforms) = preSolution
		Debug|Any CPU = Debug|Any CPU
		Release|Any CPU = Release|Any CPU
	EndGlobalSection
	GlobalSection(ProjectConfigurationPlatforms) = postSolution
		{4354E87C-9B92-4211-ACBE-C373E14EEF5C}.Debug|Any CPU.ActiveCfg = Debug|Any CPU
		{4354E87C-9B92-4211-ACBE-C373E14EEF5C}.Debug|Any CPU.Build.0 = Debug|Any CPU
		{4354E87C-9B92-4211-ACBE-C373E14EEF5C}.Release|Any CPU.ActiveCfg = Release|Any CPU
		{4354E87C-9B92-4211-ACBE-C373E14EEF5C}.Release|Any CPU.Build.0 = Release|Any CPU
		{C67DC56F-8C3D-40A5-8EC8-0CBAECFDA4CA}.Debug|Any CPU.ActiveCfg = Debug|Any CPU
		{C67DC56F-8C3D-40A5-8EC8-0CBAECFDA4CA}.Debug|Any CPU.Build.0 = Debug|Any CPU
		{C67DC56F-8C3D-40A5-8EC8-0CBAECFDA4CA}.Release|Any CPU.ActiveCfg = Release|Any CPU
		{C67DC56F-8C3D-40A5-8EC8-0CBAECFDA4CA}.Release|Any CPU.Build.0 = Release|Any CPU
		{7D2C066F-8AB6-4BA4-B0AB-5B71CDCA1ECA}.Debug|Any CPU.ActiveCfg = Debug|Any CPU
		{7D2C066F-8AB6-4BA4-B0AB-5B71CDCA1ECA}.Debug|Any CPU.Build.0 = Debug|Any CPU
		{7D2C066F-8AB6-4BA4-B0AB-5B71CDCA1ECA}.Release|Any CPU.ActiveCfg = Release|Any CPU
		{7D2C066F-8AB6-4BA4-B0AB-5B71CDCA1ECA}.Release|Any CPU.Build.0 = Release|Any CPU
		{05FC2A46-D051-403A-8C49-EDD05433DF4A}.Debug|Any CPU.ActiveCfg = Debug|Any CPU
		{05FC2A46-D051-403A-8C49-EDD05433DF4A}.Debug|Any CPU.Build.0 = Debug|Any CPU
		{05FC2A46-D051-403A-8C49-EDD05433DF4A}.Release|Any CPU.ActiveCfg = Release|Any CPU
		{05FC2A46-D051-403A-8C49-EDD05433DF4A}.Release|Any CPU.Build.0 = Release|Any CPU
		{615CA3F8-15AF-4804-A408-D46B19DB0513}.Debug|Any CPU.ActiveCfg = Debug|Any CPU
		{615CA3F8-15AF-4804-A408-D46B19DB0513}.Debug|Any CPU.Build.0 = Debug|Any CPU
		{615CA3F8-15AF-4804-A408-D46B19DB0513}.Release|Any CPU.ActiveCfg = Release|Any CPU
		{615CA3F8-15AF-4804-A408-D46B19DB0513}.Release|Any CPU.Build.0 = Release|Any CPU
	EndGlobalSection
	GlobalSection(SolutionProperties) = preSolution
		HideSolutionNode = FALSE
	EndGlobalSection
	GlobalSection(ExtensibilityGlobals) = postSolution
		SolutionGuid = {9C68D034-3304-4DE4-8F16-35A860AC767F}
	EndGlobalSection
EndGlobal
